Microsoft Visual Studio Solution File, Format Version 12.00
# Visual Studio Version 17
VisualStudioVersion = 17.5.2.0
MinimumVisualStudioVersion = 10.0.40219.1
Project("{FAE04EC0-301F-11D3-BF4B-00C04F79EFBC}") = "DentalClinic", "DentalClinic.csproj", "{9BA54D9B-4040-EBA1-1457-3B9AC8338645}"
EndProject
Global
	GlobalSection(SolutionConfigurationPlatforms) = preSolution
		Debug|Any CPU = Debug|Any CPU
		Release|Any CPU = Release|Any CPU
	EndGlobalSection
	GlobalSection(ProjectConfigurationPlatforms) = postSolution
		{9BA54D9B-4040-EBA1-1457-3B9AC8338645}.Debug|Any CPU.ActiveCfg = Debug|Any CPU
		{9BA54D9B-4040-EBA1-1457-3B9AC8338645}.Debug|Any CPU.Build.0 = Debug|Any CPU
		{9BA54D9B-4040-EBA1-1457-3B9AC8338645}.Release|Any CPU.ActiveCfg = Release|Any CPU
		{9BA54D9B-4040-EBA1-1457-3B9AC8338645}.Release|Any CPU.Build.0 = Release|Any CPU
	EndGlobalSection
	GlobalSection(SolutionProperties) = preSolution
		HideSolutionNode = FALSE
	EndGlobalSection
	GlobalSection(ExtensibilityGlobals) = postSolution
		SolutionGuid = {4D9A1E23-FB93-46BC-BCAB-D9C97000132A}
	EndGlobalSection
EndGlobal
